
Microsoft Visual Studio Solution File, Format Version 12.00
# Visual Studio Version 16
VisualStudioVersion = 16.0.29519.181
MinimumVisualStudioVersion = 10.0.40219.1
Project("{9A19103F-16F7-4668-BE54-9A1E7A4F7556}") = "MP", "MP\MP.csproj", "{7DFA62E0-00B8-44E2-9C8C-E32EEDFEB344}"
EndProject
Project("{FAE04EC0-301F-11D3-BF4B-00C04F79EFBC}") = "MPtest", "MPtest\MPtest.csproj", "{94BCA2F4-694C-44C6-8C7A-1F101F31713F}"
EndProject
Global
	GlobalSection(SolutionConfigurationPlatforms) = preSolution
		Debug|Any CPU = Debug|Any CPU
		Release|Any CPU = Release|Any CPU
	EndGlobalSection
	GlobalSection(ProjectConfigurationPlatforms) = postSolution
		{7DFA62E0-00B8-44E2-9C8C-E32EEDFEB344}.Debug|Any CPU.ActiveCfg = Debug|Any CPU
		{7DFA62E0-00B8-44E2-9C8C-E32EEDFEB344}.Debug|Any CPU.Build.0 = Debug|Any CPU
		{7DFA62E0-00B8-44E2-9C8C-E32EEDFEB344}.Release|Any CPU.ActiveCfg = Release|Any CPU
		{7DFA62E0-00B8-44E2-9C8C-E32EEDFEB344}.Release|Any CPU.Build.0 = Release|Any CPU
		{94BCA2F4-694C-44C6-8C7A-1F101F31713F}.Debug|Any CPU.ActiveCfg = Debug|Any CPU
		{94BCA2F4-694C-44C6-8C7A-1F101F31713F}.Debug|Any CPU.Build.0 = Debug|Any CPU
		{94BCA2F4-694C-44C6-8C7A-1F101F31713F}.Release|Any CPU.ActiveCfg = Release|Any CPU
		{94BCA2F4-694C-44C6-8C7A-1F101F31713F}.Release|Any CPU.Build.0 = Release|Any CPU
	EndGlobalSection
	GlobalSection(SolutionProperties) = preSolution
		HideSolutionNode = FALSE
	EndGlobalSection
	GlobalSection(ExtensibilityGlobals) = postSolution
		SolutionGuid = {17A680E8-F6EB-4EAD-92BA-98ED9AC168E1}
	EndGlobalSection
EndGlobal
