
Microsoft Visual Studio Solution File, Format Version 12.00
Project("{FAE04EC0-301F-11D3-BF4B-00C04F79EFBC}") = "mp3s", "mp3s\mp3s.csproj", "{BACA14D3-10EA-46D5-847F-46F6437DB88E}"
EndProject
Project("{FAE04EC0-301F-11D3-BF4B-00C04F79EFBC}") = "TestProject1", "TestProject1\TestProject1.csproj", "{FD088B1A-AF20-4B5B-BB92-32AA18647CEA}"
EndProject
Global
	GlobalSection(SolutionConfigurationPlatforms) = preSolution
		Debug|Any CPU = Debug|Any CPU
		Release|Any CPU = Release|Any CPU
	EndGlobalSection
	GlobalSection(ProjectConfigurationPlatforms) = postSolution
		{BACA14D3-10EA-46D5-847F-46F6437DB88E}.Debug|Any CPU.ActiveCfg = Debug|Any CPU
		{BACA14D3-10EA-46D5-847F-46F6437DB88E}.Debug|Any CPU.Build.0 = Debug|Any CPU
		{BACA14D3-10EA-46D5-847F-46F6437DB88E}.Release|Any CPU.ActiveCfg = Release|Any CPU
		{BACA14D3-10EA-46D5-847F-46F6437DB88E}.Release|Any CPU.Build.0 = Release|Any CPU
		{FD088B1A-AF20-4B5B-BB92-32AA18647CEA}.Debug|Any CPU.ActiveCfg = Debug|Any CPU
		{FD088B1A-AF20-4B5B-BB92-32AA18647CEA}.Debug|Any CPU.Build.0 = Debug|Any CPU
		{FD088B1A-AF20-4B5B-BB92-32AA18647CEA}.Release|Any CPU.ActiveCfg = Release|Any CPU
		{FD088B1A-AF20-4B5B-BB92-32AA18647CEA}.Release|Any CPU.Build.0 = Release|Any CPU
	EndGlobalSection
EndGlobal
