
Microsoft Visual Studio Solution File, Format Version 12.00
Project("{FAE04EC0-301F-11D3-BF4B-00C04F79EFBC}") = "ConsoleApp8", "ConsoleApp8\ConsoleApp8.csproj", "{87C7F764-6E55-4DBA-A177-A1626C2FD277}"
EndProject
Project("{FAE04EC0-301F-11D3-BF4B-00C04F79EFBC}") = "ConsoleApp1", "ConsoleApp1\ConsoleApp1.csproj", "{1F15F79C-73C7-4604-B4ED-7DFD3BFA54CD}"
EndProject
Global
	GlobalSection(SolutionConfigurationPlatforms) = preSolution
		Debug|Any CPU = Debug|Any CPU
		Release|Any CPU = Release|Any CPU
	EndGlobalSection
	GlobalSection(ProjectConfigurationPlatforms) = postSolution
		{87C7F764-6E55-4DBA-A177-A1626C2FD277}.Debug|Any CPU.ActiveCfg = Debug|Any CPU
		{87C7F764-6E55-4DBA-A177-A1626C2FD277}.Debug|Any CPU.Build.0 = Debug|Any CPU
		{87C7F764-6E55-4DBA-A177-A1626C2FD277}.Release|Any CPU.ActiveCfg = Release|Any CPU
		{87C7F764-6E55-4DBA-A177-A1626C2FD277}.Release|Any CPU.Build.0 = Release|Any CPU
		{1F15F79C-73C7-4604-B4ED-7DFD3BFA54CD}.Debug|Any CPU.ActiveCfg = Debug|Any CPU
		{1F15F79C-73C7-4604-B4ED-7DFD3BFA54CD}.Debug|Any CPU.Build.0 = Debug|Any CPU
		{1F15F79C-73C7-4604-B4ED-7DFD3BFA54CD}.Release|Any CPU.ActiveCfg = Release|Any CPU
		{1F15F79C-73C7-4604-B4ED-7DFD3BFA54CD}.Release|Any CPU.Build.0 = Release|Any CPU
	EndGlobalSection
EndGlobal
