
Microsoft Visual Studio Solution File, Format Version 12.00
Project("{FAE04EC0-301F-11D3-BF4B-00C04F79EFBC}") = "lab2u", "lab2u\lab2u.csproj", "{A3A4691E-B098-41D3-A6F8-ED32EE45A45E}"
EndProject
Project("{FAE04EC0-301F-11D3-BF4B-00C04F79EFBC}") = "TestProject1", "TestProject1\TestProject1.csproj", "{4E5674F3-13E5-47CA-A7EC-836AB4AA8304}"
EndProject
Global
	GlobalSection(SolutionConfigurationPlatforms) = preSolution
		Debug|Any CPU = Debug|Any CPU
		Release|Any CPU = Release|Any CPU
	EndGlobalSection
	GlobalSection(ProjectConfigurationPlatforms) = postSolution
		{A3A4691E-B098-41D3-A6F8-ED32EE45A45E}.Debug|Any CPU.ActiveCfg = Debug|Any CPU
		{A3A4691E-B098-41D3-A6F8-ED32EE45A45E}.Debug|Any CPU.Build.0 = Debug|Any CPU
		{A3A4691E-B098-41D3-A6F8-ED32EE45A45E}.Release|Any CPU.ActiveCfg = Release|Any CPU
		{A3A4691E-B098-41D3-A6F8-ED32EE45A45E}.Release|Any CPU.Build.0 = Release|Any CPU
		{4E5674F3-13E5-47CA-A7EC-836AB4AA8304}.Debug|Any CPU.ActiveCfg = Debug|Any CPU
		{4E5674F3-13E5-47CA-A7EC-836AB4AA8304}.Debug|Any CPU.Build.0 = Debug|Any CPU
		{4E5674F3-13E5-47CA-A7EC-836AB4AA8304}.Release|Any CPU.ActiveCfg = Release|Any CPU
		{4E5674F3-13E5-47CA-A7EC-836AB4AA8304}.Release|Any CPU.Build.0 = Release|Any CPU
	EndGlobalSection
EndGlobal
