
Microsoft Visual Studio Solution File, Format Version 12.00
Project("{FAE04EC0-301F-11D3-BF4B-00C04F79EFBC}") = "lab5", "lab5\lab5.csproj", "{007C43BB-E751-494E-A539-47C1B01A769A}"
EndProject
Project("{FAE04EC0-301F-11D3-BF4B-00C04F79EFBC}") = "TestProject1", "TestProject1\TestProject1.csproj", "{9B61D4EB-C3B7-4623-866D-56A0D274D8A4}"
EndProject
Global
	GlobalSection(SolutionConfigurationPlatforms) = preSolution
		Debug|Any CPU = Debug|Any CPU
		Release|Any CPU = Release|Any CPU
	EndGlobalSection
	GlobalSection(ProjectConfigurationPlatforms) = postSolution
		{007C43BB-E751-494E-A539-47C1B01A769A}.Debug|Any CPU.ActiveCfg = Debug|Any CPU
		{007C43BB-E751-494E-A539-47C1B01A769A}.Debug|Any CPU.Build.0 = Debug|Any CPU
		{007C43BB-E751-494E-A539-47C1B01A769A}.Release|Any CPU.ActiveCfg = Release|Any CPU
		{007C43BB-E751-494E-A539-47C1B01A769A}.Release|Any CPU.Build.0 = Release|Any CPU
		{9B61D4EB-C3B7-4623-866D-56A0D274D8A4}.Debug|Any CPU.ActiveCfg = Debug|Any CPU
		{9B61D4EB-C3B7-4623-866D-56A0D274D8A4}.Debug|Any CPU.Build.0 = Debug|Any CPU
		{9B61D4EB-C3B7-4623-866D-56A0D274D8A4}.Release|Any CPU.ActiveCfg = Release|Any CPU
		{9B61D4EB-C3B7-4623-866D-56A0D274D8A4}.Release|Any CPU.Build.0 = Release|Any CPU
	EndGlobalSection
EndGlobal
