
Microsoft Visual Studio Solution File, Format Version 12.00
Project("{FAE04EC0-301F-11D3-BF4B-00C04F79EFBC}") = "l6E", "l6E\l6E.csproj", "{5A91626F-815C-4EA6-8662-B4D59ADD14EC}"
EndProject
Project("{FAE04EC0-301F-11D3-BF4B-00C04F79EFBC}") = "TestProject1", "TestProject1\TestProject1.csproj", "{1449E9C6-4204-450A-A1C2-6C2A87C28CC9}"
EndProject
Global
	GlobalSection(SolutionConfigurationPlatforms) = preSolution
		Debug|Any CPU = Debug|Any CPU
		Release|Any CPU = Release|Any CPU
	EndGlobalSection
	GlobalSection(ProjectConfigurationPlatforms) = postSolution
		{5A91626F-815C-4EA6-8662-B4D59ADD14EC}.Debug|Any CPU.ActiveCfg = Debug|Any CPU
		{5A91626F-815C-4EA6-8662-B4D59ADD14EC}.Debug|Any CPU.Build.0 = Debug|Any CPU
		{5A91626F-815C-4EA6-8662-B4D59ADD14EC}.Release|Any CPU.ActiveCfg = Release|Any CPU
		{5A91626F-815C-4EA6-8662-B4D59ADD14EC}.Release|Any CPU.Build.0 = Release|Any CPU
		{1449E9C6-4204-450A-A1C2-6C2A87C28CC9}.Debug|Any CPU.ActiveCfg = Debug|Any CPU
		{1449E9C6-4204-450A-A1C2-6C2A87C28CC9}.Debug|Any CPU.Build.0 = Debug|Any CPU
		{1449E9C6-4204-450A-A1C2-6C2A87C28CC9}.Release|Any CPU.ActiveCfg = Release|Any CPU
		{1449E9C6-4204-450A-A1C2-6C2A87C28CC9}.Release|Any CPU.Build.0 = Release|Any CPU
	EndGlobalSection
EndGlobal
